{
  "nodes": {
    "flake-parts": {
      "inputs": {
        "nixpkgs-lib": [
          "nixpkgs"
        ]
      },
      "locked": {
        "lastModified": 1727826117,
        "narHash": "sha256-K5ZLCyfO/Zj9mPFldf3iwS6oZStJcU4tSpiXTMYaaL0=",
        "owner": "hercules-ci",
        "repo": "flake-parts",
        "rev": "3d04084d54bedc3d6b8b736c70ef449225c361b1",
        "type": "github"
      },
      "original": {
        "owner": "hercules-ci",
        "repo": "flake-parts",
        "type": "github"
      }
    },
    "hercules-ci-effects": {
      "inputs": {
        "flake-parts": [
          "flake-parts"
        ],
        "nixpkgs": [
          "nixpkgs"
        ]
      },
      "locked": {
        "lastModified": 1724947644,
        "narHash": "sha256-MHHrHasTngp7EYQOObHJ1a/IsRF+wodHqOckhH6uZbk=",
        "owner": "hercules-ci",
        "repo": "hercules-ci-effects",
        "rev": "dba4367b9a9d9615456c430a6d6af716f6e84cef",
        "type": "github"
      },
      "original": {
        "owner": "hercules-ci",
        "repo": "hercules-ci-effects",
        "type": "github"
      }
    },
    "nixpkgs-master": {
      "locked": {
        "lastModified": 1729509625,
        "narHash": "sha256-dQ85bJURM14+LCkCUHG+ANoDHzSkEPg3dLQ5tUlnRD0=",
        "owner": "NixOS",
        "repo": "nixpkgs",
        "rev": "64b2308de14a14ed70e1133f59abe42b3b6e980a",
        "type": "github"
      },
      "original": {
        "owner": "NixOS",
        "ref": "master",
        "repo": "nixpkgs",
        "type": "github"
      }
    },
    "nixpkgs-nixos-unstable": {
      "locked": {
        "lastModified": 1729256560,
        "narHash": "sha256-/uilDXvCIEs3C9l73JTACm4quuHUsIHcns1c+cHUJwA=",
        "owner": "NixOS",
        "repo": "nixpkgs",
        "rev": "4c2fcb090b1f3e5b47eaa7bd33913b574a11e0a0",
        "type": "github"
      },
      "original": {
        "owner": "NixOS",
        "ref": "nixos-unstable",
        "repo": "nixpkgs",
        "type": "github"
      }
    },
    "nixpkgs-nixpkgs-unstable": {
      "locked": {
        "lastModified": 1729265718,
        "narHash": "sha256-4HQI+6LsO3kpWTYuVGIzhJs1cetFcwT7quWCk/6rqeo=",
        "owner": "NixOS",
        "repo": "nixpkgs",
        "rev": "ccc0c2126893dd20963580b6478d1a10a4512185",
        "type": "github"
      },
      "original": {
        "owner": "NixOS",
        "ref": "nixpkgs-unstable",
        "repo": "nixpkgs",
        "type": "github"
      }
    },
    "nixpkgs-release": {
      "locked": {
        "lastModified": 1729307008,
        "narHash": "sha256-QUvb6epgKi9pCu9CttRQW4y5NqJ+snKr1FZpG/x3Wtc=",
        "owner": "NixOS",
        "repo": "nixpkgs",
        "rev": "a9b86fc2290b69375c5542b622088eb6eca2a7c3",
        "type": "github"
      },
      "original": {
        "owner": "NixOS",
        "ref": "nixos-24.05",
        "repo": "nixpkgs",
        "type": "github"
      }
    },
    "nixpkgs-release-staging": {
      "locked": {
        "lastModified": 1729469874,
        "narHash": "sha256-MFVPfzNVY7ptqUivpsAHLcoVBma3xZH6erDX21x02WE=",
        "owner": "NixOS",
        "repo": "nixpkgs",
        "rev": "15df79f72e03b5906d7257d2fdc06713819a6b2f",
        "type": "github"
      },
      "original": {
        "owner": "NixOS",
        "ref": "staging-24.05",
        "repo": "nixpkgs",
        "type": "github"
      }
    },
    "root": {
      "inputs": {
        "flake-parts": "flake-parts",
        "hercules-ci-effects": "hercules-ci-effects",
        "nixpkgs": [
          "nixpkgs-master"
        ],
        "nixpkgs-master": "nixpkgs-master",
        "nixpkgs-nixos-unstable": "nixpkgs-nixos-unstable",
        "nixpkgs-nixpkgs-unstable": "nixpkgs-nixpkgs-unstable",
        "nixpkgs-release": "nixpkgs-release",
        "nixpkgs-release-staging": "nixpkgs-release-staging"
      }
    }
  },
  "root": "root",
  "version": 7
}
